
Microsoft Visual Studio Solution File, Format Version 12.00
# Visual Studio 15
VisualStudioVersion = 15.0.28307.271
MinimumVisualStudioVersion = 10.0.40219.1
Project("{9A19103F-16F7-4668-BE54-9A1E7A4F7556}") = "Kitenest", "Kitenest\Kitenest.csproj", "{00227A37-A09C-495A-AD13-AB46DCB30CD9}"
EndProject
Project("{FAE04EC0-301F-11D3-BF4B-00C04F79EFBC}") = "DataLibrary", "DataLibrary\DataLibrary.csproj", "{3EDFA628-CCB5-48E4-B702-5FF1434EE843}"
EndProject
Global
	GlobalSection(SolutionConfigurationPlatforms) = preSolution
		Debug|Any CPU = Debug|Any CPU
		Release|Any CPU = Release|Any CPU
	EndGlobalSection
	GlobalSection(ProjectConfigurationPlatforms) = postSolution
		{00227A37-A09C-495A-AD13-AB46DCB30CD9}.Debug|Any CPU.ActiveCfg = Debug|Any CPU
		{00227A37-A09C-495A-AD13-AB46DCB30CD9}.Debug|Any CPU.Build.0 = Debug|Any CPU
		{00227A37-A09C-495A-AD13-AB46DCB30CD9}.Release|Any CPU.ActiveCfg = Release|Any CPU
		{00227A37-A09C-495A-AD13-AB46DCB30CD9}.Release|Any CPU.Build.0 = Release|Any CPU
		{3EDFA628-CCB5-48E4-B702-5FF1434EE843}.Debug|Any CPU.ActiveCfg = Debug|Any CPU
		{3EDFA628-CCB5-48E4-B702-5FF1434EE843}.Debug|Any CPU.Build.0 = Debug|Any CPU
		{3EDFA628-CCB5-48E4-B702-5FF1434EE843}.Release|Any CPU.ActiveCfg = Release|Any CPU
		{3EDFA628-CCB5-48E4-B702-5FF1434EE843}.Release|Any CPU.Build.0 = Release|Any CPU
	EndGlobalSection
	GlobalSection(SolutionProperties) = preSolution
		HideSolutionNode = FALSE
	EndGlobalSection
	GlobalSection(ExtensibilityGlobals) = postSolution
		SolutionGuid = {3588E344-164C-4C61-A4FE-B202C4DA1ECC}
	EndGlobalSection
EndGlobal
